
Microsoft Visual Studio Solution File, Format Version 12.00
# Visual Studio Version 16
VisualStudioVersion = 16.0.29609.76
MinimumVisualStudioVersion = 10.0.40219.1
Project("{2150E333-8FDC-42A3-9474-1A3956D46DE8}") = "src", "src", "{1064576D-7A65-406C-B50D-79887FF838DE}"
EndProject
Project("{2150E333-8FDC-42A3-9474-1A3956D46DE8}") = "examples", "examples", "{51EB5454-3E83-43D7-B56D-5DDBE1247382}"
EndProject
Project("{2150E333-8FDC-42A3-9474-1A3956D46DE8}") = "tests", "tests", "{1419D1C1-4D81-44C7-919F-C02510709696}"
EndProject
Project("{FAE04EC0-301F-11D3-BF4B-00C04F79EFBC}") = "MTSCRA_Bindings.Android", "src\MTSCRA_Bindings.Android\MTSCRA_Bindings.Android.csproj", "{100A3165-1E16-4AA9-9C8E-CF16E50023E0}"
EndProject
Project("{FAE04EC0-301F-11D3-BF4B-00C04F79EFBC}") = "MTSCRA_Bindings.iOS", "src\MTSCRA_Bindings.iOS\MTSCRA_Bindings.iOS.csproj", "{E4B3B7AB-90A6-478D-86F4-7980C74B9745}"
EndProject
Project("{FAE04EC0-301F-11D3-BF4B-00C04F79EFBC}") = "XFMagTek.Android", "examples\XFMagTek\XFMagTek.Android\XFMagTek.Android.csproj", "{F47C21A3-E823-45C7-B59D-538D5253A2A9}"
EndProject
Project("{FAE04EC0-301F-11D3-BF4B-00C04F79EFBC}") = "XFMagTek.iOS", "examples\XFMagTek\XFMagTek.iOS\XFMagTek.iOS.csproj", "{B1921A1C-ADDA-4682-8AA8-446385C01600}"
EndProject
Project("{9A19103F-16F7-4668-BE54-9A1E7A4F7556}") = "XFMagTek", "examples\XFMagTek\XFMagTek\XFMagTek.csproj", "{27219F6C-40C5-47CA-BBE8-5DFDE13E475D}"
EndProject
Project("{FAE04EC0-301F-11D3-BF4B-00C04F79EFBC}") = "Xam.Plugin.MagTek.Android", "src\Xam.Plugin.MagTek.Android\Xam.Plugin.MagTek.Android.csproj", "{052CDC2E-3A38-4F4D-A23C-4B4935D4579F}"
EndProject
Global
	GlobalSection(SolutionConfigurationPlatforms) = preSolution
		Debug|Any CPU = Debug|Any CPU
		Debug|iPhone = Debug|iPhone
		Debug|iPhoneSimulator = Debug|iPhoneSimulator
		Release|Any CPU = Release|Any CPU
		Release|iPhone = Release|iPhone
		Release|iPhoneSimulator = Release|iPhoneSimulator
	EndGlobalSection
	GlobalSection(ProjectConfigurationPlatforms) = postSolution
		{100A3165-1E16-4AA9-9C8E-CF16E50023E0}.Debug|Any CPU.ActiveCfg = Debug|Any CPU
		{100A3165-1E16-4AA9-9C8E-CF16E50023E0}.Debug|Any CPU.Build.0 = Debug|Any CPU
		{100A3165-1E16-4AA9-9C8E-CF16E50023E0}.Debug|iPhone.ActiveCfg = Debug|Any CPU
		{100A3165-1E16-4AA9-9C8E-CF16E50023E0}.Debug|iPhone.Build.0 = Debug|Any CPU
		{100A3165-1E16-4AA9-9C8E-CF16E50023E0}.Debug|iPhoneSimulator.ActiveCfg = Debug|Any CPU
		{100A3165-1E16-4AA9-9C8E-CF16E50023E0}.Debug|iPhoneSimulator.Build.0 = Debug|Any CPU
		{100A3165-1E16-4AA9-9C8E-CF16E50023E0}.Release|Any CPU.ActiveCfg = Release|Any CPU
		{100A3165-1E16-4AA9-9C8E-CF16E50023E0}.Release|Any CPU.Build.0 = Release|Any CPU
		{100A3165-1E16-4AA9-9C8E-CF16E50023E0}.Release|iPhone.ActiveCfg = Release|Any CPU
		{100A3165-1E16-4AA9-9C8E-CF16E50023E0}.Release|iPhone.Build.0 = Release|Any CPU
		{100A3165-1E16-4AA9-9C8E-CF16E50023E0}.Release|iPhoneSimulator.ActiveCfg = Release|Any CPU
		{100A3165-1E16-4AA9-9C8E-CF16E50023E0}.Release|iPhoneSimulator.Build.0 = Release|Any CPU
		{E4B3B7AB-90A6-478D-86F4-7980C74B9745}.Debug|Any CPU.ActiveCfg = Debug|Any CPU
		{E4B3B7AB-90A6-478D-86F4-7980C74B9745}.Debug|Any CPU.Build.0 = Debug|Any CPU
		{E4B3B7AB-90A6-478D-86F4-7980C74B9745}.Debug|iPhone.ActiveCfg = Debug|Any CPU
		{E4B3B7AB-90A6-478D-86F4-7980C74B9745}.Debug|iPhone.Build.0 = Debug|Any CPU
		{E4B3B7AB-90A6-478D-86F4-7980C74B9745}.Debug|iPhoneSimulator.ActiveCfg = Debug|Any CPU
		{E4B3B7AB-90A6-478D-86F4-7980C74B9745}.Debug|iPhoneSimulator.Build.0 = Debug|Any CPU
		{E4B3B7AB-90A6-478D-86F4-7980C74B9745}.Release|Any CPU.ActiveCfg = Release|Any CPU
		{E4B3B7AB-90A6-478D-86F4-7980C74B9745}.Release|Any CPU.Build.0 = Release|Any CPU
		{E4B3B7AB-90A6-478D-86F4-7980C74B9745}.Release|iPhone.ActiveCfg = Release|Any CPU
		{E4B3B7AB-90A6-478D-86F4-7980C74B9745}.Release|iPhone.Build.0 = Release|Any CPU
		{E4B3B7AB-90A6-478D-86F4-7980C74B9745}.Release|iPhoneSimulator.ActiveCfg = Release|Any CPU
		{E4B3B7AB-90A6-478D-86F4-7980C74B9745}.Release|iPhoneSimulator.Build.0 = Release|Any CPU
		{F47C21A3-E823-45C7-B59D-538D5253A2A9}.Debug|Any CPU.ActiveCfg = Debug|Any CPU
		{F47C21A3-E823-45C7-B59D-538D5253A2A9}.Debug|Any CPU.Build.0 = Debug|Any CPU
		{F47C21A3-E823-45C7-B59D-538D5253A2A9}.Debug|Any CPU.Deploy.0 = Debug|Any CPU
		{F47C21A3-E823-45C7-B59D-538D5253A2A9}.Debug|iPhone.ActiveCfg = Debug|Any CPU
		{F47C21A3-E823-45C7-B59D-538D5253A2A9}.Debug|iPhone.Build.0 = Debug|Any CPU
		{F47C21A3-E823-45C7-B59D-538D5253A2A9}.Debug|iPhone.Deploy.0 = Debug|Any CPU
		{F47C21A3-E823-45C7-B59D-538D5253A2A9}.Debug|iPhoneSimulator.ActiveCfg = Debug|Any CPU
		{F47C21A3-E823-45C7-B59D-538D5253A2A9}.Debug|iPhoneSimulator.Build.0 = Debug|Any CPU
		{F47C21A3-E823-45C7-B59D-538D5253A2A9}.Debug|iPhoneSimulator.Deploy.0 = Debug|Any CPU
		{F47C21A3-E823-45C7-B59D-538D5253A2A9}.Release|Any CPU.ActiveCfg = Release|Any CPU
		{F47C21A3-E823-45C7-B59D-538D5253A2A9}.Release|Any CPU.Build.0 = Release|Any CPU
		{F47C21A3-E823-45C7-B59D-538D5253A2A9}.Release|Any CPU.Deploy.0 = Release|Any CPU
		{F47C21A3-E823-45C7-B59D-538D5253A2A9}.Release|iPhone.ActiveCfg = Release|Any CPU
		{F47C21A3-E823-45C7-B59D-538D5253A2A9}.Release|iPhone.Build.0 = Release|Any CPU
		{F47C21A3-E823-45C7-B59D-538D5253A2A9}.Release|iPhone.Deploy.0 = Release|Any CPU
		{F47C21A3-E823-45C7-B59D-538D5253A2A9}.Release|iPhoneSimulator.ActiveCfg = Release|Any CPU
		{F47C21A3-E823-45C7-B59D-538D5253A2A9}.Release|iPhoneSimulator.Build.0 = Release|Any CPU
		{F47C21A3-E823-45C7-B59D-538D5253A2A9}.Release|iPhoneSimulator.Deploy.0 = Release|Any CPU
		{B1921A1C-ADDA-4682-8AA8-446385C01600}.Debug|Any CPU.ActiveCfg = Debug|iPhone
		{B1921A1C-ADDA-4682-8AA8-446385C01600}.Debug|iPhone.ActiveCfg = Debug|iPhone
		{B1921A1C-ADDA-4682-8AA8-446385C01600}.Debug|iPhone.Build.0 = Debug|iPhone
		{B1921A1C-ADDA-4682-8AA8-446385C01600}.Debug|iPhoneSimulator.ActiveCfg = Debug|iPhoneSimulator
		{B1921A1C-ADDA-4682-8AA8-446385C01600}.Debug|iPhoneSimulator.Build.0 = Debug|iPhoneSimulator
		{B1921A1C-ADDA-4682-8AA8-446385C01600}.Release|Any CPU.ActiveCfg = Release|iPhone
		{B1921A1C-ADDA-4682-8AA8-446385C01600}.Release|iPhone.ActiveCfg = Release|iPhone
		{B1921A1C-ADDA-4682-8AA8-446385C01600}.Release|iPhone.Build.0 = Release|iPhone
		{B1921A1C-ADDA-4682-8AA8-446385C01600}.Release|iPhoneSimulator.ActiveCfg = Release|iPhoneSimulator
		{B1921A1C-ADDA-4682-8AA8-446385C01600}.Release|iPhoneSimulator.Build.0 = Release|iPhoneSimulator
		{27219F6C-40C5-47CA-BBE8-5DFDE13E475D}.Debug|Any CPU.ActiveCfg = Debug|Any CPU
		{27219F6C-40C5-47CA-BBE8-5DFDE13E475D}.Debug|Any CPU.Build.0 = Debug|Any CPU
		{27219F6C-40C5-47CA-BBE8-5DFDE13E475D}.Debug|iPhone.ActiveCfg = Debug|Any CPU
		{27219F6C-40C5-47CA-BBE8-5DFDE13E475D}.Debug|iPhone.Build.0 = Debug|Any CPU
		{27219F6C-40C5-47CA-BBE8-5DFDE13E475D}.Debug|iPhoneSimulator.ActiveCfg = Debug|Any CPU
		{27219F6C-40C5-47CA-BBE8-5DFDE13E475D}.Debug|iPhoneSimulator.Build.0 = Debug|Any CPU
		{27219F6C-40C5-47CA-BBE8-5DFDE13E475D}.Release|Any CPU.ActiveCfg = Release|Any CPU
		{27219F6C-40C5-47CA-BBE8-5DFDE13E475D}.Release|Any CPU.Build.0 = Release|Any CPU
		{27219F6C-40C5-47CA-BBE8-5DFDE13E475D}.Release|iPhone.ActiveCfg = Release|Any CPU
		{27219F6C-40C5-47CA-BBE8-5DFDE13E475D}.Release|iPhone.Build.0 = Release|Any CPU
		{27219F6C-40C5-47CA-BBE8-5DFDE13E475D}.Release|iPhoneSimulator.ActiveCfg = Release|Any CPU
		{27219F6C-40C5-47CA-BBE8-5DFDE13E475D}.Release|iPhoneSimulator.Build.0 = Release|Any CPU
		{052CDC2E-3A38-4F4D-A23C-4B4935D4579F}.Debug|Any CPU.ActiveCfg = Debug|Any CPU
		{052CDC2E-3A38-4F4D-A23C-4B4935D4579F}.Debug|Any CPU.Build.0 = Debug|Any CPU
		{052CDC2E-3A38-4F4D-A23C-4B4935D4579F}.Debug|iPhone.ActiveCfg = Debug|Any CPU
		{052CDC2E-3A38-4F4D-A23C-4B4935D4579F}.Debug|iPhone.Build.0 = Debug|Any CPU
		{052CDC2E-3A38-4F4D-A23C-4B4935D4579F}.Debug|iPhoneSimulator.ActiveCfg = Debug|Any CPU
		{052CDC2E-3A38-4F4D-A23C-4B4935D4579F}.Debug|iPhoneSimulator.Build.0 = Debug|Any CPU
		{052CDC2E-3A38-4F4D-A23C-4B4935D4579F}.Release|Any CPU.ActiveCfg = Release|Any CPU
		{052CDC2E-3A38-4F4D-A23C-4B4935D4579F}.Release|Any CPU.Build.0 = Release|Any CPU
		{052CDC2E-3A38-4F4D-A23C-4B4935D4579F}.Release|iPhone.ActiveCfg = Release|Any CPU
		{052CDC2E-3A38-4F4D-A23C-4B4935D4579F}.Release|iPhone.Build.0 = Release|Any CPU
		{052CDC2E-3A38-4F4D-A23C-4B4935D4579F}.Release|iPhoneSimulator.ActiveCfg = Release|Any CPU
		{052CDC2E-3A38-4F4D-A23C-4B4935D4579F}.Release|iPhoneSimulator.Build.0 = Release|Any CPU
	EndGlobalSection
	GlobalSection(SolutionProperties) = preSolution
		HideSolutionNode = FALSE
	EndGlobalSection
	GlobalSection(NestedProjects) = preSolution
		{100A3165-1E16-4AA9-9C8E-CF16E50023E0} = {1064576D-7A65-406C-B50D-79887FF838DE}
		{E4B3B7AB-90A6-478D-86F4-7980C74B9745} = {1064576D-7A65-406C-B50D-79887FF838DE}
		{F47C21A3-E823-45C7-B59D-538D5253A2A9} = {51EB5454-3E83-43D7-B56D-5DDBE1247382}
		{B1921A1C-ADDA-4682-8AA8-446385C01600} = {51EB5454-3E83-43D7-B56D-5DDBE1247382}
		{27219F6C-40C5-47CA-BBE8-5DFDE13E475D} = {51EB5454-3E83-43D7-B56D-5DDBE1247382}
		{052CDC2E-3A38-4F4D-A23C-4B4935D4579F} = {1064576D-7A65-406C-B50D-79887FF838DE}
	EndGlobalSection
	GlobalSection(ExtensibilityGlobals) = postSolution
		SolutionGuid = {A47A37F8-AE13-4F49-BC1E-466AC94A34FB}
	EndGlobalSection
EndGlobal
